
Microsoft Visual Studio Solution File, Format Version 12.00
# Visual Studio Version 17
VisualStudioVersion = 17.1.32421.90
MinimumVisualStudioVersion = 10.0.40219.1
Project("{9A19103F-16F7-4668-BE54-9A1E7A4F7556}") = "ClientRegister.API", "ClientRegister.API\ClientRegister.API.csproj", "{A3A819C9-345E-45CD-AEF9-534FC0DBA794}"
EndProject
Project("{FAE04EC0-301F-11D3-BF4B-00C04F79EFBC}") = "ClientRegister.Data", "ClientRegister.Data\ClientRegister.Data.csproj", "{6727BD90-69C5-418F-B119-2EC6E3C280F4}"
EndProject
Project("{FAE04EC0-301F-11D3-BF4B-00C04F79EFBC}") = "ClientRegister.Support", "ClientRegister.Support\ClientRegister.Support.csproj", "{C1865F66-5D77-418F-A5CD-340A564D9CF9}"
EndProject
Global
	GlobalSection(SolutionConfigurationPlatforms) = preSolution
		Debug|Any CPU = Debug|Any CPU
		Release|Any CPU = Release|Any CPU
	EndGlobalSection
	GlobalSection(ProjectConfigurationPlatforms) = postSolution
		{A3A819C9-345E-45CD-AEF9-534FC0DBA794}.Debug|Any CPU.ActiveCfg = Debug|Any CPU
		{A3A819C9-345E-45CD-AEF9-534FC0DBA794}.Debug|Any CPU.Build.0 = Debug|Any CPU
		{A3A819C9-345E-45CD-AEF9-534FC0DBA794}.Release|Any CPU.ActiveCfg = Release|Any CPU
		{A3A819C9-345E-45CD-AEF9-534FC0DBA794}.Release|Any CPU.Build.0 = Release|Any CPU
		{6727BD90-69C5-418F-B119-2EC6E3C280F4}.Debug|Any CPU.ActiveCfg = Debug|Any CPU
		{6727BD90-69C5-418F-B119-2EC6E3C280F4}.Debug|Any CPU.Build.0 = Debug|Any CPU
		{6727BD90-69C5-418F-B119-2EC6E3C280F4}.Release|Any CPU.ActiveCfg = Release|Any CPU
		{6727BD90-69C5-418F-B119-2EC6E3C280F4}.Release|Any CPU.Build.0 = Release|Any CPU
		{C1865F66-5D77-418F-A5CD-340A564D9CF9}.Debug|Any CPU.ActiveCfg = Debug|Any CPU
		{C1865F66-5D77-418F-A5CD-340A564D9CF9}.Debug|Any CPU.Build.0 = Debug|Any CPU
		{C1865F66-5D77-418F-A5CD-340A564D9CF9}.Release|Any CPU.ActiveCfg = Release|Any CPU
		{C1865F66-5D77-418F-A5CD-340A564D9CF9}.Release|Any CPU.Build.0 = Release|Any CPU
	EndGlobalSection
	GlobalSection(SolutionProperties) = preSolution
		HideSolutionNode = FALSE
	EndGlobalSection
	GlobalSection(ExtensibilityGlobals) = postSolution
		SolutionGuid = {A5C564FE-2B04-4D35-9933-E1D0653C064F}
	EndGlobalSection
EndGlobal
